
Microsoft Visual Studio Solution File, Format Version 12.00
# Visual Studio Version 17
VisualStudioVersion = 17.14.36429.23 d17.14
MinimumVisualStudioVersion = 10.0.40219.1
Project("{FAE04EC0-301F-11D3-BF4B-00C04F79EFBC}") = "Counter", "Filtering\Counter.csproj", "{E4FB58A9-7CFF-4909-A306-56F9205BCDE3}"
EndProject
Project("{FAE04EC0-301F-11D3-BF4B-00C04F79EFBC}") = "TestWordFilter", "TestWordFilter\TestWordFilter.csproj", "{D353FD43-756C-4F07-9B03-895D7B87FC7A}"
EndProject
Global
	GlobalSection(SolutionConfigurationPlatforms) = preSolution
		Debug|Any CPU = Debug|Any CPU
		Release|Any CPU = Release|Any CPU
	EndGlobalSection
	GlobalSection(ProjectConfigurationPlatforms) = postSolution
		{E4FB58A9-7CFF-4909-A306-56F9205BCDE3}.Debug|Any CPU.ActiveCfg = Debug|Any CPU
		{E4FB58A9-7CFF-4909-A306-56F9205BCDE3}.Debug|Any CPU.Build.0 = Debug|Any CPU
		{E4FB58A9-7CFF-4909-A306-56F9205BCDE3}.Release|Any CPU.ActiveCfg = Release|Any CPU
		{E4FB58A9-7CFF-4909-A306-56F9205BCDE3}.Release|Any CPU.Build.0 = Release|Any CPU
		{D353FD43-756C-4F07-9B03-895D7B87FC7A}.Debug|Any CPU.ActiveCfg = Debug|Any CPU
		{D353FD43-756C-4F07-9B03-895D7B87FC7A}.Debug|Any CPU.Build.0 = Debug|Any CPU
		{D353FD43-756C-4F07-9B03-895D7B87FC7A}.Release|Any CPU.ActiveCfg = Release|Any CPU
		{D353FD43-756C-4F07-9B03-895D7B87FC7A}.Release|Any CPU.Build.0 = Release|Any CPU
	EndGlobalSection
	GlobalSection(SolutionProperties) = preSolution
		HideSolutionNode = FALSE
	EndGlobalSection
	GlobalSection(ExtensibilityGlobals) = postSolution
		SolutionGuid = {4ECCDD8B-54A6-4919-97DB-E9BE1FD6DAD3}
	EndGlobalSection
EndGlobal
